// !$*UTF8*$!
{
	archiveVersion = 1;
	classes = {
	};
	objectVersion = 46;
	objects = {

/* Begin PBXBuildFile section */
		16E4AF08275567878E934B72 /* Pods_SocialApp.framework in Frameworks */ = {isa = PBXBuildFile; fileRef = 38252736291583690D155C7C /* Pods_SocialApp.framework */; };
		A93A59541E1E0D5900B86FE0 /* AppDelegate.swift in Sources */ = {isa = PBXBuildFile; fileRef = A93A59531E1E0D5900B86FE0 /* AppDelegate.swift */; };
		A93A59561E1E0D5900B86FE0 /* SignInVC.swift in Sources */ = {isa = PBXBuildFile; fileRef = A93A59551E1E0D5900B86FE0 /* SignInVC.swift */; };
		A93A59591E1E0D5900B86FE0 /* Main.storyboard in Resources */ = {isa = PBXBuildFile; fileRef = A93A59571E1E0D5900B86FE0 /* Main.storyboard */; };
		A93A595B1E1E0D5900B86FE0 /* Assets.xcassets in Resources */ = {isa = PBXBuildFile; fileRef = A93A595A1E1E0D5900B86FE0 /* Assets.xcassets */; };
		A93A595E1E1E0D5900B86FE0 /* LaunchScreen.storyboard in Resources */ = {isa = PBXBuildFile; fileRef = A93A595C1E1E0D5900B86FE0 /* LaunchScreen.storyboard */; };
		A93A59661E1E0F0300B86FE0 /* GoogleService-Info.plist in Resources */ = {isa = PBXBuildFile; fileRef = A93A59651E1E0F0300B86FE0 /* GoogleService-Info.plist */; };
		A93A596B1E1E204B00B86FE0 /* RoundEdges.swift in Sources */ = {isa = PBXBuildFile; fileRef = A93A596A1E1E204B00B86FE0 /* RoundEdges.swift */; };
		A93A596D1E21EFFF00B86FE0 /* FancyView.swift in Sources */ = {isa = PBXBuildFile; fileRef = A93A596C1E21EFFF00B86FE0 /* FancyView.swift */; };
		A93A59701E21F09E00B86FE0 /* Constants.swift in Sources */ = {isa = PBXBuildFile; fileRef = A93A596F1E21F09E00B86FE0 /* Constants.swift */; };
		A93A59721E21F43600B86FE0 /* RoundButton.swift in Sources */ = {isa = PBXBuildFile; fileRef = A93A59711E21F43600B86FE0 /* RoundButton.swift */; };
		A93A59741E21F5EA00B86FE0 /* FancyField.swift in Sources */ = {isa = PBXBuildFile; fileRef = A93A59731E21F5EA00B86FE0 /* FancyField.swift */; };
		A93A597A1E22272C00B86FE0 /* FeedVC.swift in Sources */ = {isa = PBXBuildFile; fileRef = A93A59791E22272C00B86FE0 /* FeedVC.swift */; };
		A93A597C1E231FB500B86FE0 /* CircleView.swift in Sources */ = {isa = PBXBuildFile; fileRef = A93A597B1E231FB500B86FE0 /* CircleView.swift */; };
/* End PBXBuildFile section */

/* Begin PBXFileReference section */
		1B403CA00878EB9FB2F17FA8 /* Pods-SocialApp.debug.xcconfig */ = {isa = PBXFileReference; includeInIndex = 1; lastKnownFileType = text.xcconfig; name = "Pods-SocialApp.debug.xcconfig"; path = "Pods/Target Support Files/Pods-SocialApp/Pods-SocialApp.debug.xcconfig"; sourceTree = "<group>"; };
		38252736291583690D155C7C /* Pods_SocialApp.framework */ = {isa = PBXFileReference; explicitFileType = wrapper.framework; includeInIndex = 0; path = Pods_SocialApp.framework; sourceTree = BUILT_PRODUCTS_DIR; };
		A93A59501E1E0D5900B86FE0 /* SocialApp.app */ = {isa = PBXFileReference; explicitFileType = wrapper.application; includeInIndex = 0; path = SocialApp.app; sourceTree = BUILT_PRODUCTS_DIR; };
		A93A59531E1E0D5900B86FE0 /* AppDelegate.swift */ = {isa = PBXFileReference; lastKnownFileType = sourcecode.swift; path = AppDelegate.swift; sourceTree = "<group>"; };
		A93A59551E1E0D5900B86FE0 /* SignInVC.swift */ = {isa = PBXFileReference; lastKnownFileType = sourcecode.swift; path = SignInVC.swift; sourceTree = "<group>"; };
		A93A59581E1E0D5900B86FE0 /* Base */ = {isa = PBXFileReference; lastKnownFileType = file.storyboard; name = Base; path = Base.lproj/Main.storyboard; sourceTree = "<group>"; };
		A93A595A1E1E0D5900B86FE0 /* Assets.xcassets */ = {isa = PBXFileReference; lastKnownFileType = folder.assetcatalog; path = Assets.xcassets; sourceTree = "<group>"; };
		A93A595D1E1E0D5900B86FE0 /* Base */ = {isa = PBXFileReference; lastKnownFileType = file.storyboard; name = Base; path = Base.lproj/LaunchScreen.storyboard; sourceTree = "<group>"; };
		A93A595F1E1E0D5900B86FE0 /* Info.plist */ = {isa = PBXFileReference; lastKnownFileType = text.plist.xml; path = Info.plist; sourceTree = "<group>"; };
		A93A59651E1E0F0300B86FE0 /* GoogleService-Info.plist */ = {isa = PBXFileReference; fileEncoding = 4; lastKnownFileType = text.plist.xml; path = "GoogleService-Info.plist"; sourceTree = "<group>"; };
		A93A596A1E1E204B00B86FE0 /* RoundEdges.swift */ = {isa = PBXFileReference; fileEncoding = 4; lastKnownFileType = sourcecode.swift; path = RoundEdges.swift; sourceTree = "<group>"; };
		A93A596C1E21EFFF00B86FE0 /* FancyView.swift */ = {isa = PBXFileReference; fileEncoding = 4; lastKnownFileType = sourcecode.swift; path = FancyView.swift; sourceTree = "<group>"; };
		A93A596F1E21F09E00B86FE0 /* Constants.swift */ = {isa = PBXFileReference; fileEncoding = 4; lastKnownFileType = sourcecode.swift; path = Constants.swift; sourceTree = "<group>"; };
		A93A59711E21F43600B86FE0 /* RoundButton.swift */ = {isa = PBXFileReference; fileEncoding = 4; lastKnownFileType = sourcecode.swift; path = RoundButton.swift; sourceTree = "<group>"; };
		A93A59731E21F5EA00B86FE0 /* FancyField.swift */ = {isa = PBXFileReference; fileEncoding = 4; lastKnownFileType = sourcecode.swift; path = FancyField.swift; sourceTree = "<group>"; };
		A93A59791E22272C00B86FE0 /* FeedVC.swift */ = {isa = PBXFileReference; fileEncoding = 4; lastKnownFileType = sourcecode.swift; path = FeedVC.swift; sourceTree = "<group>"; };
		A93A597B1E231FB500B86FE0 /* CircleView.swift */ = {isa = PBXFileReference; fileEncoding = 4; lastKnownFileType = sourcecode.swift; path = CircleView.swift; sourceTree = "<group>"; };
		BA63738C59F4D2EC9EFEB764 /* Pods-SocialApp.release.xcconfig */ = {isa = PBXFileReference; includeInIndex = 1; lastKnownFileType = text.xcconfig; name = "Pods-SocialApp.release.xcconfig"; path = "Pods/Target Support Files/Pods-SocialApp/Pods-SocialApp.release.xcconfig"; sourceTree = "<group>"; };
/* End PBXFileReference section */

/* Begin PBXFrameworksBuildPhase section */
		A93A594D1E1E0D5900B86FE0 /* Frameworks */ = {
			isa = PBXFrameworksBuildPhase;
			buildActionMask = 2147483647;
			files = (
				16E4AF08275567878E934B72 /* Pods_SocialApp.framework in Frameworks */,
			);
			runOnlyForDeploymentPostprocessing = 0;
		};
/* End PBXFrameworksBuildPhase section */

/* Begin PBXGroup section */
		380EEBA47EFCBAEC58E61956 /* Frameworks */ = {
			isa = PBXGroup;
			children = (
				38252736291583690D155C7C /* Pods_SocialApp.framework */,
			);
			name = Frameworks;
			sourceTree = "<group>";
		};
		A93A59471E1E0D5900B86FE0 = {
			isa = PBXGroup;
			children = (
				A93A59521E1E0D5900B86FE0 /* SocialApp */,
				A93A59511E1E0D5900B86FE0 /* Products */,
				F9B30CC0D667EF245E59D380 /* Pods */,
				380EEBA47EFCBAEC58E61956 /* Frameworks */,
			);
			sourceTree = "<group>";
		};
		A93A59511E1E0D5900B86FE0 /* Products */ = {
			isa = PBXGroup;
			children = (
				A93A59501E1E0D5900B86FE0 /* SocialApp.app */,
			);
			name = Products;
			sourceTree = "<group>";
		};
		A93A59521E1E0D5900B86FE0 /* SocialApp */ = {
			isa = PBXGroup;
			children = (
				A93A596E1E21F07B00B86FE0 /* Utilities */,
				A93A59671E1E113B00B86FE0 /* Model */,
				A93A59691E1E114900B86FE0 /* Controller */,
				A93A59681E1E114400B86FE0 /* View */,
				A93A59531E1E0D5900B86FE0 /* AppDelegate.swift */,
				A93A59651E1E0F0300B86FE0 /* GoogleService-Info.plist */,
				A93A59571E1E0D5900B86FE0 /* Main.storyboard */,
				A93A595A1E1E0D5900B86FE0 /* Assets.xcassets */,
				A93A595C1E1E0D5900B86FE0 /* LaunchScreen.storyboard */,
				A93A595F1E1E0D5900B86FE0 /* Info.plist */,
			);
			path = SocialApp;
			sourceTree = "<group>";
		};
		A93A59671E1E113B00B86FE0 /* Model */ = {
			isa = PBXGroup;
			children = (
			);
			name = Model;
			sourceTree = "<group>";
		};
		A93A59681E1E114400B86FE0 /* View */ = {
			isa = PBXGroup;
			children = (
				A93A596A1E1E204B00B86FE0 /* RoundEdges.swift */,
				A93A596C1E21EFFF00B86FE0 /* FancyView.swift */,
				A93A59711E21F43600B86FE0 /* RoundButton.swift */,
				A93A59731E21F5EA00B86FE0 /* FancyField.swift */,
				A93A597B1E231FB500B86FE0 /* CircleView.swift */,
			);
			name = View;
			sourceTree = "<group>";
		};
		A93A59691E1E114900B86FE0 /* Controller */ = {
			isa = PBXGroup;
			children = (
				A93A59551E1E0D5900B86FE0 /* SignInVC.swift */,
				A93A59791E22272C00B86FE0 /* FeedVC.swift */,
			);
			name = Controller;
			sourceTree = "<group>";
		};
		A93A596E1E21F07B00B86FE0 /* Utilities */ = {
			isa = PBXGroup;
			children = (
				A93A596F1E21F09E00B86FE0 /* Constants.swift */,
			);
			name = Utilities;
			sourceTree = "<group>";
		};
		F9B30CC0D667EF245E59D380 /* Pods */ = {
			isa = PBXGroup;
			children = (
				1B403CA00878EB9FB2F17FA8 /* Pods-SocialApp.debug.xcconfig */,
				BA63738C59F4D2EC9EFEB764 /* Pods-SocialApp.release.xcconfig */,
			);
			name = Pods;
			sourceTree = "<group>";
		};
/* End PBXGroup section */

/* Begin PBXNativeTarget section */
		A93A594F1E1E0D5900B86FE0 /* SocialApp */ = {
			isa = PBXNativeTarget;
			buildConfigurationList = A93A59621E1E0D5900B86FE0 /* Build configuration list for PBXNativeTarget "SocialApp" */;
			buildPhases = (
				22CCD324DA844DFD7A3692D5 /* [CP] Check Pods Manifest.lock */,
				A93A594C1E1E0D5900B86FE0 /* Sources */,
				A93A594D1E1E0D5900B86FE0 /* Frameworks */,
				A93A594E1E1E0D5900B86FE0 /* Resources */,
				3D08875B68AB092801FA3DA1 /* [CP] Embed Pods Frameworks */,
				2635C8B9298A950530E74393 /* [CP] Copy Pods Resources */,
			);
			buildRules = (
			);
			dependencies = (
			);
			name = SocialApp;
			productName = SocialApp;
			productReference = A93A59501E1E0D5900B86FE0 /* SocialApp.app */;
			productType = "com.apple.product-type.application";
		};
/* End PBXNativeTarget section */

/* Begin PBXProject section */
		A93A59481E1E0D5900B86FE0 /* Project object */ = {
			isa = PBXProject;
			attributes = {
				LastSwiftUpdateCheck = 0820;
				LastUpgradeCheck = 0820;
				ORGANIZATIONNAME = alperi;
				TargetAttributes = {
					A93A594F1E1E0D5900B86FE0 = {
						CreatedOnToolsVersion = 8.2;
						DevelopmentTeam = AZTLK4V726;
						ProvisioningStyle = Automatic;
					};
				};
			};
			buildConfigurationList = A93A594B1E1E0D5900B86FE0 /* Build configuration list for PBXProject "SocialApp" */;
			compatibilityVersion = "Xcode 3.2";
			developmentRegion = English;
			hasScannedForEncodings = 0;
			knownRegions = (
				en,
				Base,
			);
			mainGroup = A93A59471E1E0D5900B86FE0;
			productRefGroup = A93A59511E1E0D5900B86FE0 /* Products */;
			projectDirPath = "";
			projectRoot = "";
			targets = (
				A93A594F1E1E0D5900B86FE0 /* SocialApp */,
			);
		};
/* End PBXProject section */

/* Begin PBXResourcesBuildPhase section */
		A93A594E1E1E0D5900B86FE0 /* Resources */ = {
			isa = PBXResourcesBuildPhase;
			buildActionMask = 2147483647;
			files = (
				A93A595E1E1E0D5900B86FE0 /* LaunchScreen.storyboard in Resources */,
				A93A59661E1E0F0300B86FE0 /* GoogleService-Info.plist in Resources */,
				A93A595B1E1E0D5900B86FE0 /* Assets.xcassets in Resources */,
				A93A59591E1E0D5900B86FE0 /* Main.storyboard in Resources */,
			);
			runOnlyForDeploymentPostprocessing = 0;
		};
/* End PBXResourcesBuildPhase section */

/* Begin PBXShellScriptBuildPhase section */
		22CCD324DA844DFD7A3692D5 /* [CP] Check Pods Manifest.lock */ = {
			isa = PBXShellScriptBuildPhase;
			buildActionMask = 2147483647;
			files = (
			);
			inputPaths = (
			);
			name = "[CP] Check Pods Manifest.lock";
			outputPaths = (
			);
			runOnlyForDeploymentPostprocessing = 0;
			shellPath = /bin/sh;
			shellScript = "diff \"${PODS_ROOT}/../Podfile.lock\" \"${PODS_ROOT}/Manifest.lock\" > /dev/null\nif [ $? != 0 ] ; then\n    # print error to STDERR\n    echo \"error: The sandbox is not in sync with the Podfile.lock. Run 'pod install' or update your CocoaPods installation.\" >&2\n    exit 1\nfi\n";
			showEnvVarsInLog = 0;
		};
		2635C8B9298A950530E74393 /* [CP] Copy Pods Resources */ = {
			isa = PBXShellScriptBuildPhase;
			buildActionMask = 2147483647;
			files = (
			);
			inputPaths = (
			);
			name = "[CP] Copy Pods Resources";
			outputPaths = (
			);
			runOnlyForDeploymentPostprocessing = 0;
			shellPath = /bin/sh;
			shellScript = "\"${SRCROOT}/Pods/Target Support Files/Pods-SocialApp/Pods-SocialApp-resources.sh\"\n";
			showEnvVarsInLog = 0;
		};
		3D08875B68AB092801FA3DA1 /* [CP] Embed Pods Frameworks */ = {
			isa = PBXShellScriptBuildPhase;
			buildActionMask = 2147483647;
			files = (
			);
			inputPaths = (
			);
			name = "[CP] Embed Pods Frameworks";
			outputPaths = (
			);
			runOnlyForDeploymentPostprocessing = 0;
			shellPath = /bin/sh;
			shellScript = "\"${SRCROOT}/Pods/Target Support Files/Pods-SocialApp/Pods-SocialApp-frameworks.sh\"\n";
			showEnvVarsInLog = 0;
		};
/* End PBXShellScriptBuildPhase section */

/* Begin PBXSourcesBuildPhase section */
		A93A594C1E1E0D5900B86FE0 /* Sources */ = {
			isa = PBXSourcesBuildPhase;
			buildActionMask = 2147483647;
			files = (
				A93A597C1E231FB500B86FE0 /* CircleView.swift in Sources */,
				A93A59721E21F43600B86FE0 /* RoundButton.swift in Sources */,
				A93A59701E21F09E00B86FE0 /* Constants.swift in Sources */,
				A93A59561E1E0D5900B86FE0 /* SignInVC.swift in Sources */,
				A93A596B1E1E204B00B86FE0 /* RoundEdges.swift in Sources */,
				A93A597A1E22272C00B86FE0 /* FeedVC.swift in Sources */,
				A93A596D1E21EFFF00B86FE0 /* FancyView.swift in Sources */,
				A93A59741E21F5EA00B86FE0 /* FancyField.swift in Sources */,
				A93A59541E1E0D5900B86FE0 /* AppDelegate.swift in Sources */,
			);
			runOnlyForDeploymentPostprocessing = 0;
		};
/* End PBXSourcesBuildPhase section */

/* Begin PBXVariantGroup section */
		A93A59571E1E0D5900B86FE0 /* Main.storyboard */ = {
			isa = PBXVariantGroup;
			children = (
				A93A59581E1E0D5900B86FE0 /* Base */,
			);
			name = Main.storyboard;
			sourceTree = "<group>";
		};
		A93A595C1E1E0D5900B86FE0 /* LaunchScreen.storyboard */ = {
			isa = PBXVariantGroup;
			children = (
				A93A595D1E1E0D5900B86FE0 /* Base */,
			);
			name = LaunchScreen.storyboard;
			sourceTree = "<group>";
		};
/* End PBXVariantGroup section */

/* Begin XCBuildConfiguration section */
		A93A59601E1E0D5900B86FE0 /* Debug */ = {
			isa = XCBuildConfiguration;
			buildSettings = {
				ALWAYS_SEARCH_USER_PATHS = NO;
				CLANG_ANALYZER_NONNULL = YES;
				CLANG_CXX_LANGUAGE_STANDARD = "gnu++0x";
				CLANG_CXX_LIBRARY = "libc++";
				CLANG_ENABLE_MODULES = YES;
				CLANG_ENABLE_OBJC_ARC = YES;
				CLANG_WARN_BOOL_CONVERSION = YES;
				CLANG_WARN_CONSTANT_CONVERSION = YES;
				CLANG_WARN_DIRECT_OBJC_ISA_USAGE = YES_ERROR;
				CLANG_WARN_DOCUMENTATION_COMMENTS = YES;
				CLANG_WARN_EMPTY_BODY = YES;
				CLANG_WARN_ENUM_CONVERSION = YES;
				CLANG_WARN_INFINITE_RECURSION = YES;
				CLANG_WARN_INT_CONVERSION = YES;
				CLANG_WARN_OBJC_ROOT_CLASS = YES_ERROR;
				CLANG_WARN_SUSPICIOUS_MOVE = YES;
				CLANG_WARN_UNREACHABLE_CODE = YES;
				CLANG_WARN__DUPLICATE_METHOD_MATCH = YES;
				"CODE_SIGN_IDENTITY[sdk=iphoneos*]" = "iPhone Developer";
				COPY_PHASE_STRIP = NO;
				DEBUG_INFORMATION_FORMAT = dwarf;
				ENABLE_STRICT_OBJC_MSGSEND = YES;
				ENABLE_TESTABILITY = YES;
				GCC_C_LANGUAGE_STANDARD = gnu99;
				GCC_DYNAMIC_NO_PIC = NO;
				GCC_NO_COMMON_BLOCKS = YES;
				GCC_OPTIMIZATION_LEVEL = 0;
				GCC_PREPROCESSOR_DEFINITIONS = (
					"DEBUG=1",
					"$(inherited)",
				);
				GCC_WARN_64_TO_32_BIT_CONVERSION = YES;
				GCC_WARN_ABOUT_RETURN_TYPE = YES_ERROR;
				GCC_WARN_UNDECLARED_SELECTOR = YES;
				GCC_WARN_UNINITIALIZED_AUTOS = YES_AGGRESSIVE;
				GCC_WARN_UNUSED_FUNCTION = YES;
				GCC_WARN_UNUSED_VARIABLE = YES;
				IPHONEOS_DEPLOYMENT_TARGET = 10.2;
				MTL_ENABLE_DEBUG_INFO = YES;
				ONLY_ACTIVE_ARCH = YES;
				SDKROOT = iphoneos;
				SWIFT_ACTIVE_COMPILATION_CONDITIONS = DEBUG;
				SWIFT_OPTIMIZATION_LEVEL = "-Onone";
				TARGETED_DEVICE_FAMILY = "1,2";
			};
			name = Debug;
		};
		A93A59611E1E0D5900B86FE0 /* Release */ = {
			isa = XCBuildConfiguration;
			buildSettings = {
				ALWAYS_SEARCH_USER_PATHS = NO;
				CLANG_ANALYZER_NONNULL = YES;
				CLANG_CXX_LANGUAGE_STANDARD = "gnu++0x";
				CLANG_CXX_LIBRARY = "libc++";
				CLANG_ENABLE_MODULES = YES;
				CLANG_ENABLE_OBJC_ARC = YES;
				CLANG_WARN_BOOL_CONVERSION = YES;
				CLANG_WARN_CONSTANT_CONVERSION = YES;
				CLANG_WARN_DIRECT_OBJC_ISA_USAGE = YES_ERROR;
				CLANG_WARN_DOCUMENTATION_COMMENTS = YES;
				CLANG_WARN_EMPTY_BODY = YES;
				CLANG_WARN_ENUM_CONVERSION = YES;
				CLANG_WARN_INFINITE_RECURSION = YES;
				CLANG_WARN_INT_CONVERSION = YES;
				CLANG_WARN_OBJC_ROOT_CLASS = YES_ERROR;
				CLANG_WARN_SUSPICIOUS_MOVE = YES;
				CLANG_WARN_UNREACHABLE_CODE = YES;
				CLANG_WARN__DUPLICATE_METHOD_MATCH = YES;
				"CODE_SIGN_IDENTITY[sdk=iphoneos*]" = "iPhone Developer";
				COPY_PHASE_STRIP = NO;
				DEBUG_INFORMATION_FORMAT = "dwarf-with-dsym";
				ENABLE_NS_ASSERTIONS = NO;
				ENABLE_STRICT_OBJC_MSGSEND = YES;
				GCC_C_LANGUAGE_STANDARD = gnu99;
				GCC_NO_COMMON_BLOCKS = YES;
				GCC_WARN_64_TO_32_BIT_CONVERSION = YES;
				GCC_WARN_ABOUT_RETURN_TYPE = YES_ERROR;
				GCC_WARN_UNDECLARED_SELECTOR = YES;
				GCC_WARN_UNINITIALIZED_AUTOS = YES_AGGRESSIVE;
				GCC_WARN_UNUSED_FUNCTION = YES;
				GCC_WARN_UNUSED_VARIABLE = YES;
				IPHONEOS_DEPLOYMENT_TARGET = 10.2;
				MTL_ENABLE_DEBUG_INFO = NO;
				SDKROOT = iphoneos;
				SWIFT_OPTIMIZATION_LEVEL = "-Owholemodule";
				TARGETED_DEVICE_FAMILY = "1,2";
				VALIDATE_PRODUCT = YES;
			};
			name = Release;
		};
		A93A59631E1E0D5900B86FE0 /* Debug */ = {
			isa = XCBuildConfiguration;
			baseConfigurationReference = 1B403CA00878EB9FB2F17FA8 /* Pods-SocialApp.debug.xcconfig */;
			buildSettings = {
				ASSETCATALOG_COMPILER_APPICON_NAME = AppIcon;
				DEVELOPMENT_TEAM = AZTLK4V726;
				INFOPLIST_FILE = SocialApp/Info.plist;
				LD_RUNPATH_SEARCH_PATHS = "$(inherited) @executable_path/Frameworks";
				PRODUCT_BUNDLE_IDENTIFIER = com.alperi.SocialApp;
				PRODUCT_NAME = "$(TARGET_NAME)";
				SWIFT_VERSION = 3.0;
			};
			name = Debug;
		};
		A93A59641E1E0D5900B86FE0 /* Release */ = {
			isa = XCBuildConfiguration;
			baseConfigurationReference = BA63738C59F4D2EC9EFEB764 /* Pods-SocialApp.release.xcconfig */;
			buildSettings = {
				ASSETCATALOG_COMPILER_APPICON_NAME = AppIcon;
				DEVELOPMENT_TEAM = AZTLK4V726;
				INFOPLIST_FILE = SocialApp/Info.plist;
				LD_RUNPATH_SEARCH_PATHS = "$(inherited) @executable_path/Frameworks";
				PRODUCT_BUNDLE_IDENTIFIER = com.alperi.SocialApp;
				PRODUCT_NAME = "$(TARGET_NAME)";
				SWIFT_VERSION = 3.0;
			};
			name = Release;
		};
/* End XCBuildConfiguration section */

/* Begin XCConfigurationList section */
		A93A594B1E1E0D5900B86FE0 /* Build configuration list for PBXProject "SocialApp" */ = {
			isa = XCConfigurationList;
			buildConfigurations = (
				A93A59601E1E0D5900B86FE0 /* Debug */,
				A93A59611E1E0D5900B86FE0 /* Release */,
			);
			defaultConfigurationIsVisible = 0;
			defaultConfigurationName = Release;
		};
		A93A59621E1E0D5900B86FE0 /* Build configuration list for PBXNativeTarget "SocialApp" */ = {
			isa = XCConfigurationList;
			buildConfigurations = (
				A93A59631E1E0D5900B86FE0 /* Debug */,
				A93A59641E1E0D5900B86FE0 /* Release */,
			);
			defaultConfigurationIsVisible = 0;
			defaultConfigurationName = Release;
		};
/* End XCConfigurationList section */
	};
	rootObject = A93A59481E1E0D5900B86FE0 /* Project object */;
}
